// !$*UTF8*$!
{
	archiveVersion = 1;
	classes = {
	};
	objectVersion = 48;
	objects = {

/* Begin PBXBuildFile section */
		96A4FE752037FFFE001931EB /* AppDelegate.swift in Sources */ = {isa = PBXBuildFile; fileRef = 96A4FE742037FFFE001931EB /* AppDelegate.swift */; };
		96A4FE772037FFFE001931EB /* ViewController.swift in Sources */ = {isa = PBXBuildFile; fileRef = 96A4FE762037FFFE001931EB /* ViewController.swift */; };
		96A4FE7A2037FFFE001931EB /* Main.storyboard in Resources */ = {isa = PBXBuildFile; fileRef = 96A4FE782037FFFE001931EB /* Main.storyboard */; };
		96A4FE7C2037FFFE001931EB /* Assets.xcassets in Resources */ = {isa = PBXBuildFile; fileRef = 96A4FE7B2037FFFE001931EB /* Assets.xcassets */; };
		96A4FE7F2037FFFE001931EB /* LaunchScreen.storyboard in Resources */ = {isa = PBXBuildFile; fileRef = 96A4FE7D2037FFFE001931EB /* LaunchScreen.storyboard */; };
		96A4FE872038065F001931EB /* LogoRotationViewController.swift in Sources */ = {isa = PBXBuildFile; fileRef = 96A4FE862038065F001931EB /* LogoRotationViewController.swift */; };
		96A4FE8920381F79001931EB /* LogoZoomViewController.swift in Sources */ = {isa = PBXBuildFile; fileRef = 96A4FE8820381F79001931EB /* LogoZoomViewController.swift */; };
		96C9E23D2071316400487391 /* LogoRotationViewController.storyboard in Resources */ = {isa = PBXBuildFile; fileRef = 96C9E23B2071316400487391 /* LogoRotationViewController.storyboard */; };
		96C9E2402071319500487391 /* LogoZoomViewController.storyboard in Resources */ = {isa = PBXBuildFile; fileRef = 96C9E23E2071319500487391 /* LogoZoomViewController.storyboard */; };
		96C9E244207134C200487391 /* TableViewController.swift in Sources */ = {isa = PBXBuildFile; fileRef = 96C9E243207134C200487391 /* TableViewController.swift */; };
		96C9E2472071357700487391 /* TableView.storyboard in Resources */ = {isa = PBXBuildFile; fileRef = 96C9E2452071357700487391 /* TableView.storyboard */; };
/* End PBXBuildFile section */

/* Begin PBXFileReference section */
		96A4FE712037FFFE001931EB /* AnimationSample.app */ = {isa = PBXFileReference; explicitFileType = wrapper.application; includeInIndex = 0; path = AnimationSample.app; sourceTree = BUILT_PRODUCTS_DIR; };
		96A4FE742037FFFE001931EB /* AppDelegate.swift */ = {isa = PBXFileReference; lastKnownFileType = sourcecode.swift; path = AppDelegate.swift; sourceTree = "<group>"; };
		96A4FE762037FFFE001931EB /* ViewController.swift */ = {isa = PBXFileReference; lastKnownFileType = sourcecode.swift; path = ViewController.swift; sourceTree = "<group>"; };
		96A4FE792037FFFE001931EB /* Base */ = {isa = PBXFileReference; lastKnownFileType = file.storyboard; name = Base; path = Base.lproj/Main.storyboard; sourceTree = "<group>"; };
		96A4FE7B2037FFFE001931EB /* Assets.xcassets */ = {isa = PBXFileReference; lastKnownFileType = folder.assetcatalog; path = Assets.xcassets; sourceTree = "<group>"; };
		96A4FE7E2037FFFE001931EB /* Base */ = {isa = PBXFileReference; lastKnownFileType = file.storyboard; name = Base; path = Base.lproj/LaunchScreen.storyboard; sourceTree = "<group>"; };
		96A4FE802037FFFE001931EB /* Info.plist */ = {isa = PBXFileReference; lastKnownFileType = text.plist.xml; path = Info.plist; sourceTree = "<group>"; };
		96A4FE862038065F001931EB /* LogoRotationViewController.swift */ = {isa = PBXFileReference; lastKnownFileType = sourcecode.swift; path = LogoRotationViewController.swift; sourceTree = "<group>"; };
		96A4FE8820381F79001931EB /* LogoZoomViewController.swift */ = {isa = PBXFileReference; lastKnownFileType = sourcecode.swift; path = LogoZoomViewController.swift; sourceTree = "<group>"; };
		96C9E23C2071316400487391 /* Base */ = {isa = PBXFileReference; lastKnownFileType = file.storyboard; name = Base; path = AnimationSample/Base.lproj/LogoRotationViewController.storyboard; sourceTree = "<group>"; };
		96C9E23F2071319500487391 /* Base */ = {isa = PBXFileReference; lastKnownFileType = file.storyboard; name = Base; path = AnimationSample/Base.lproj/LogoZoomViewController.storyboard; sourceTree = "<group>"; };
		96C9E243207134C200487391 /* TableViewController.swift */ = {isa = PBXFileReference; lastKnownFileType = sourcecode.swift; path = TableViewController.swift; sourceTree = "<group>"; };
		96C9E2462071357700487391 /* Base */ = {isa = PBXFileReference; lastKnownFileType = file.storyboard; name = Base; path = AnimationSample/Base.lproj/TableView.storyboard; sourceTree = "<group>"; };
/* End PBXFileReference section */

/* Begin PBXFrameworksBuildPhase section */
		96A4FE6E2037FFFE001931EB /* Frameworks */ = {
			isa = PBXFrameworksBuildPhase;
			buildActionMask = 2147483647;
			files = (
			);
			runOnlyForDeploymentPostprocessing = 0;
		};
/* End PBXFrameworksBuildPhase section */

/* Begin PBXGroup section */
		96A4FE682037FFFE001931EB = {
			isa = PBXGroup;
			children = (
				96A4FE732037FFFE001931EB /* AnimationSample */,
				96A4FE722037FFFE001931EB /* Products */,
			);
			sourceTree = "<group>";
		};
		96A4FE722037FFFE001931EB /* Products */ = {
			isa = PBXGroup;
			children = (
				96A4FE712037FFFE001931EB /* AnimationSample.app */,
			);
			name = Products;
			sourceTree = "<group>";
		};
		96A4FE732037FFFE001931EB /* AnimationSample */ = {
			isa = PBXGroup;
			children = (
				96A4FE742037FFFE001931EB /* AppDelegate.swift */,
				96A4FE762037FFFE001931EB /* ViewController.swift */,
				96A4FE862038065F001931EB /* LogoRotationViewController.swift */,
				96A4FE8820381F79001931EB /* LogoZoomViewController.swift */,
				96C9E243207134C200487391 /* TableViewController.swift */,
				96A4FE782037FFFE001931EB /* Main.storyboard */,
				96C9E23B2071316400487391 /* LogoRotationViewController.storyboard */,
				96C9E23E2071319500487391 /* LogoZoomViewController.storyboard */,
				96C9E2452071357700487391 /* TableView.storyboard */,
				96A4FE7B2037FFFE001931EB /* Assets.xcassets */,
				96A4FE7D2037FFFE001931EB /* LaunchScreen.storyboard */,
				96A4FE802037FFFE001931EB /* Info.plist */,
			);
			path = AnimationSample;
			sourceTree = "<group>";
		};
/* End PBXGroup section */

/* Begin PBXNativeTarget section */
		96A4FE702037FFFE001931EB /* AnimationSample */ = {
			isa = PBXNativeTarget;
			buildConfigurationList = 96A4FE832037FFFE001931EB /* Build configuration list for PBXNativeTarget "AnimationSample" */;
			buildPhases = (
				96A4FE6D2037FFFE001931EB /* Sources */,
				96A4FE6E2037FFFE001931EB /* Frameworks */,
				96A4FE6F2037FFFE001931EB /* Resources */,
			);
			buildRules = (
			);
			dependencies = (
			);
			name = AnimationSample;
			productName = AnimationSample;
			productReference = 96A4FE712037FFFE001931EB /* AnimationSample.app */;
			productType = "com.apple.product-type.application";
		};
/* End PBXNativeTarget section */

/* Begin PBXProject section */
		96A4FE692037FFFE001931EB /* Project object */ = {
			isa = PBXProject;
			attributes = {
				LastSwiftUpdateCheck = 0920;
				LastUpgradeCheck = 0920;
				ORGANIZATIONNAME = com.github.culumn;
				TargetAttributes = {
					96A4FE702037FFFE001931EB = {
						CreatedOnToolsVersion = 9.2;
						ProvisioningStyle = Automatic;
					};
				};
			};
			buildConfigurationList = 96A4FE6C2037FFFE001931EB /* Build configuration list for PBXProject "AnimationSample" */;
			compatibilityVersion = "Xcode 8.0";
			developmentRegion = en;
			hasScannedForEncodings = 0;
			knownRegions = (
				en,
				Base,
			);
			mainGroup = 96A4FE682037FFFE001931EB;
			productRefGroup = 96A4FE722037FFFE001931EB /* Products */;
			projectDirPath = "";
			projectRoot = "";
			targets = (
				96A4FE702037FFFE001931EB /* AnimationSample */,
			);
		};
/* End PBXProject section */

/* Begin PBXResourcesBuildPhase section */
		96A4FE6F2037FFFE001931EB /* Resources */ = {
			isa = PBXResourcesBuildPhase;
			buildActionMask = 2147483647;
			files = (
				96C9E2472071357700487391 /* TableView.storyboard in Resources */,
				96C9E23D2071316400487391 /* LogoRotationViewController.storyboard in Resources */,
				96A4FE7F2037FFFE001931EB /* LaunchScreen.storyboard in Resources */,
				96A4FE7C2037FFFE001931EB /* Assets.xcassets in Resources */,
				96C9E2402071319500487391 /* LogoZoomViewController.storyboard in Resources */,
				96A4FE7A2037FFFE001931EB /* Main.storyboard in Resources */,
			);
			runOnlyForDeploymentPostprocessing = 0;
		};
/* End PBXResourcesBuildPhase section */

/* Begin PBXSourcesBuildPhase section */
		96A4FE6D2037FFFE001931EB /* Sources */ = {
			isa = PBXSourcesBuildPhase;
			buildActionMask = 2147483647;
			files = (
				96A4FE8920381F79001931EB /* LogoZoomViewController.swift in Sources */,
				96A4FE772037FFFE001931EB /* ViewController.swift in Sources */,
				96A4FE752037FFFE001931EB /* AppDelegate.swift in Sources */,
				96C9E244207134C200487391 /* TableViewController.swift in Sources */,
				96A4FE872038065F001931EB /* LogoRotationViewController.swift in Sources */,
			);
			runOnlyForDeploymentPostprocessing = 0;
		};
/* End PBXSourcesBuildPhase section */

/* Begin PBXVariantGroup section */
		96A4FE782037FFFE001931EB /* Main.storyboard */ = {
			isa = PBXVariantGroup;
			children = (
				96A4FE792037FFFE001931EB /* Base */,
			);
			name = Main.storyboard;
			sourceTree = "<group>";
		};
		96A4FE7D2037FFFE001931EB /* LaunchScreen.storyboard */ = {
			isa = PBXVariantGroup;
			children = (
				96A4FE7E2037FFFE001931EB /* Base */,
			);
			name = LaunchScreen.storyboard;
			sourceTree = "<group>";
		};
		96C9E23B2071316400487391 /* LogoRotationViewController.storyboard */ = {
			isa = PBXVariantGroup;
			children = (
				96C9E23C2071316400487391 /* Base */,
			);
			name = LogoRotationViewController.storyboard;
			sourceTree = "<group>";
		};
		96C9E23E2071319500487391 /* LogoZoomViewController.storyboard */ = {
			isa = PBXVariantGroup;
			children = (
				96C9E23F2071319500487391 /* Base */,
			);
			name = LogoZoomViewController.storyboard;
			sourceTree = "<group>";
		};
		96C9E2452071357700487391 /* TableView.storyboard */ = {
			isa = PBXVariantGroup;
			children = (
				96C9E2462071357700487391 /* Base */,
			);
			name = TableView.storyboard;
			sourceTree = "<group>";
		};
/* End PBXVariantGroup section */

/* Begin XCBuildConfiguration section */
		96A4FE812037FFFE001931EB /* Debug */ = {
			isa = XCBuildConfiguration;
			buildSettings = {
				ALWAYS_SEARCH_USER_PATHS = NO;
				CLANG_ANALYZER_NONNULL = YES;
				CLANG_ANALYZER_NUMBER_OBJECT_CONVERSION = YES_AGGRESSIVE;
				CLANG_CXX_LANGUAGE_STANDARD = "gnu++14";
				CLANG_CXX_LIBRARY = "libc++";
				CLANG_ENABLE_MODULES = YES;
				CLANG_ENABLE_OBJC_ARC = YES;
				CLANG_WARN_BLOCK_CAPTURE_AUTORELEASING = YES;
				CLANG_WARN_BOOL_CONVERSION = YES;
				CLANG_WARN_COMMA = YES;
				CLANG_WARN_CONSTANT_CONVERSION = YES;
				CLANG_WARN_DIRECT_OBJC_ISA_USAGE = YES_ERROR;
				CLANG_WARN_DOCUMENTATION_COMMENTS = YES;
				CLANG_WARN_EMPTY_BODY = YES;
				CLANG_WARN_ENUM_CONVERSION = YES;
				CLANG_WARN_INFINITE_RECURSION = YES;
				CLANG_WARN_INT_CONVERSION = YES;
				CLANG_WARN_NON_LITERAL_NULL_CONVERSION = YES;
				CLANG_WARN_OBJC_LITERAL_CONVERSION = YES;
				CLANG_WARN_OBJC_ROOT_CLASS = YES_ERROR;
				CLANG_WARN_RANGE_LOOP_ANALYSIS = YES;
				CLANG_WARN_STRICT_PROTOTYPES = YES;
				CLANG_WARN_SUSPICIOUS_MOVE = YES;
				CLANG_WARN_UNGUARDED_AVAILABILITY = YES_AGGRESSIVE;
				CLANG_WARN_UNREACHABLE_CODE = YES;
				CLANG_WARN__DUPLICATE_METHOD_MATCH = YES;
				CODE_SIGN_IDENTITY = "iPhone Developer";
				COPY_PHASE_STRIP = NO;
				DEBUG_INFORMATION_FORMAT = dwarf;
				ENABLE_STRICT_OBJC_MSGSEND = YES;
				ENABLE_TESTABILITY = YES;
				GCC_C_LANGUAGE_STANDARD = gnu11;
				GCC_DYNAMIC_NO_PIC = NO;
				GCC_NO_COMMON_BLOCKS = YES;
				GCC_OPTIMIZATION_LEVEL = 0;
				GCC_PREPROCESSOR_DEFINITIONS = (
					"DEBUG=1",
					"$(inherited)",
				);
				GCC_WARN_64_TO_32_BIT_CONVERSION = YES;
				GCC_WARN_ABOUT_RETURN_TYPE = YES_ERROR;
				GCC_WARN_UNDECLARED_SELECTOR = YES;
				GCC_WARN_UNINITIALIZED_AUTOS = YES_AGGRESSIVE;
				GCC_WARN_UNUSED_FUNCTION = YES;
				GCC_WARN_UNUSED_VARIABLE = YES;
				IPHONEOS_DEPLOYMENT_TARGET = 11.2;
				MTL_ENABLE_DEBUG_INFO = YES;
				ONLY_ACTIVE_ARCH = YES;
				SDKROOT = iphoneos;
				SWIFT_ACTIVE_COMPILATION_CONDITIONS = DEBUG;
				SWIFT_OPTIMIZATION_LEVEL = "-Onone";
			};
			name = Debug;
		};
		96A4FE822037FFFE001931EB /* Release */ = {
			isa = XCBuildConfiguration;
			buildSettings = {
				ALWAYS_SEARCH_USER_PATHS = NO;
				CLANG_ANALYZER_NONNULL = YES;
				CLANG_ANALYZER_NUMBER_OBJECT_CONVERSION = YES_AGGRESSIVE;
				CLANG_CXX_LANGUAGE_STANDARD = "gnu++14";
				CLANG_CXX_LIBRARY = "libc++";
				CLANG_ENABLE_MODULES = YES;
				CLANG_ENABLE_OBJC_ARC = YES;
				CLANG_WARN_BLOCK_CAPTURE_AUTORELEASING = YES;
				CLANG_WARN_BOOL_CONVERSION = YES;
				CLANG_WARN_COMMA = YES;
				CLANG_WARN_CONSTANT_CONVERSION = YES;
				CLANG_WARN_DIRECT_OBJC_ISA_USAGE = YES_ERROR;
				CLANG_WARN_DOCUMENTATION_COMMENTS = YES;
				CLANG_WARN_EMPTY_BODY = YES;
				CLANG_WARN_ENUM_CONVERSION = YES;
				CLANG_WARN_INFINITE_RECURSION = YES;
				CLANG_WARN_INT_CONVERSION = YES;
				CLANG_WARN_NON_LITERAL_NULL_CONVERSION = YES;
				CLANG_WARN_OBJC_LITERAL_CONVERSION = YES;
				CLANG_WARN_OBJC_ROOT_CLASS = YES_ERROR;
				CLANG_WARN_RANGE_LOOP_ANALYSIS = YES;
				CLANG_WARN_STRICT_PROTOTYPES = YES;
				CLANG_WARN_SUSPICIOUS_MOVE = YES;
				CLANG_WARN_UNGUARDED_AVAILABILITY = YES_AGGRESSIVE;
				CLANG_WARN_UNREACHABLE_CODE = YES;
				CLANG_WARN__DUPLICATE_METHOD_MATCH = YES;
				CODE_SIGN_IDENTITY = "iPhone Developer";
				COPY_PHASE_STRIP = NO;
				DEBUG_INFORMATION_FORMAT = "dwarf-with-dsym";
				ENABLE_NS_ASSERTIONS = NO;
				ENABLE_STRICT_OBJC_MSGSEND = YES;
				GCC_C_LANGUAGE_STANDARD = gnu11;
				GCC_NO_COMMON_BLOCKS = YES;
				GCC_WARN_64_TO_32_BIT_CONVERSION = YES;
				GCC_WARN_ABOUT_RETURN_TYPE = YES_ERROR;
				GCC_WARN_UNDECLARED_SELECTOR = YES;
				GCC_WARN_UNINITIALIZED_AUTOS = YES_AGGRESSIVE;
				GCC_WARN_UNUSED_FUNCTION = YES;
				GCC_WARN_UNUSED_VARIABLE = YES;
				IPHONEOS_DEPLOYMENT_TARGET = 11.2;
				MTL_ENABLE_DEBUG_INFO = NO;
				SDKROOT = iphoneos;
				SWIFT_OPTIMIZATION_LEVEL = "-Owholemodule";
				VALIDATE_PRODUCT = YES;
			};
			name = Release;
		};
		96A4FE842037FFFE001931EB /* Debug */ = {
			isa = XCBuildConfiguration;
			buildSettings = {
				ASSETCATALOG_COMPILER_APPICON_NAME = AppIcon;
				CODE_SIGN_STYLE = Automatic;
				INFOPLIST_FILE = AnimationSample/Info.plist;
				IPHONEOS_DEPLOYMENT_TARGET = 9.0;
				LD_RUNPATH_SEARCH_PATHS = "$(inherited) @executable_path/Frameworks";
				PRODUCT_BUNDLE_IDENTIFIER = com.github.culumn.AnimationSample;
				PRODUCT_NAME = "$(TARGET_NAME)";
				SWIFT_VERSION = 4.0;
				TARGETED_DEVICE_FAMILY = "1,2";
			};
			name = Debug;
		};
		96A4FE852037FFFE001931EB /* Release */ = {
			isa = XCBuildConfiguration;
			buildSettings = {
				ASSETCATALOG_COMPILER_APPICON_NAME = AppIcon;
				CODE_SIGN_STYLE = Automatic;
				INFOPLIST_FILE = AnimationSample/Info.plist;
				IPHONEOS_DEPLOYMENT_TARGET = 9.0;
				LD_RUNPATH_SEARCH_PATHS = "$(inherited) @executable_path/Frameworks";
				PRODUCT_BUNDLE_IDENTIFIER = com.github.culumn.AnimationSample;
				PRODUCT_NAME = "$(TARGET_NAME)";
				SWIFT_VERSION = 4.0;
				TARGETED_DEVICE_FAMILY = "1,2";
			};
			name = Release;
		};
/* End XCBuildConfiguration section */

/* Begin XCConfigurationList section */
		96A4FE6C2037FFFE001931EB /* Build configuration list for PBXProject "AnimationSample" */ = {
			isa = XCConfigurationList;
			buildConfigurations = (
				96A4FE812037FFFE001931EB /* Debug */,
				96A4FE822037FFFE001931EB /* Release */,
			);
			defaultConfigurationIsVisible = 0;
			defaultConfigurationName = Release;
		};
		96A4FE832037FFFE001931EB /* Build configuration list for PBXNativeTarget "AnimationSample" */ = {
			isa = XCConfigurationList;
			buildConfigurations = (
				96A4FE842037FFFE001931EB /* Debug */,
				96A4FE852037FFFE001931EB /* Release */,
			);
			defaultConfigurationIsVisible = 0;
			defaultConfigurationName = Release;
		};
/* End XCConfigurationList section */
	};
	rootObject = 96A4FE692037FFFE001931EB /* Project object */;
}
